
Microsoft Visual Studio Solution File, Format Version 12.00
# Visual Studio Version 17
VisualStudioVersion = 17.3.32929.385
MinimumVisualStudioVersion = 10.0.40219.1
Project("{FAE04EC0-301F-11D3-BF4B-00C04F79EFBC}") = "IfTest", "IfTest\IfTest.csproj", "{CC585B57-A3F8-471D-87E4-261D407B7991}"
EndProject
Project("{FAE04EC0-301F-11D3-BF4B-00C04F79EFBC}") = "IfTestTests", "IfTestTests\IfTestTests.csproj", "{EB2AC3B6-3FF2-4009-88D9-2EACC3DE5543}"
EndProject
Global
	GlobalSection(SolutionConfigurationPlatforms) = preSolution
		Debug|Any CPU = Debug|Any CPU
		Release|Any CPU = Release|Any CPU
	EndGlobalSection
	GlobalSection(ProjectConfigurationPlatforms) = postSolution
		{CC585B57-A3F8-471D-87E4-261D407B7991}.Debug|Any CPU.ActiveCfg = Debug|Any CPU
		{CC585B57-A3F8-471D-87E4-261D407B7991}.Debug|Any CPU.Build.0 = Debug|Any CPU
		{CC585B57-A3F8-471D-87E4-261D407B7991}.Release|Any CPU.ActiveCfg = Release|Any CPU
		{CC585B57-A3F8-471D-87E4-261D407B7991}.Release|Any CPU.Build.0 = Release|Any CPU
		{EB2AC3B6-3FF2-4009-88D9-2EACC3DE5543}.Debug|Any CPU.ActiveCfg = Debug|Any CPU
		{EB2AC3B6-3FF2-4009-88D9-2EACC3DE5543}.Debug|Any CPU.Build.0 = Debug|Any CPU
		{EB2AC3B6-3FF2-4009-88D9-2EACC3DE5543}.Release|Any CPU.ActiveCfg = Release|Any CPU
		{EB2AC3B6-3FF2-4009-88D9-2EACC3DE5543}.Release|Any CPU.Build.0 = Release|Any CPU
	EndGlobalSection
	GlobalSection(SolutionProperties) = preSolution
		HideSolutionNode = FALSE
	EndGlobalSection
	GlobalSection(ExtensibilityGlobals) = postSolution
		SolutionGuid = {E6CAFD4A-2633-4F3E-979E-EF8F2E606948}
	EndGlobalSection
EndGlobal
